
Microsoft Visual Studio Solution File, Format Version 12.00
# Visual Studio Version 16
VisualStudioVersion = 16.0.29009.5
MinimumVisualStudioVersion = 10.0.40219.1
Project("{FAE04EC0-301F-11D3-BF4B-00C04F79EFBC}") = "PongPongGame", "PongPongGame\PongPongGame.csproj", "{52A2054F-D388-4860-BAC4-0895370C768A}"
EndProject
Global
	GlobalSection(SolutionConfigurationPlatforms) = preSolution
		Debug|Any CPU = Debug|Any CPU
		Release|Any CPU = Release|Any CPU
	EndGlobalSection
	GlobalSection(ProjectConfigurationPlatforms) = postSolution
		{52A2054F-D388-4860-BAC4-0895370C768A}.Debug|Any CPU.ActiveCfg = Debug|Any CPU
		{52A2054F-D388-4860-BAC4-0895370C768A}.Debug|Any CPU.Build.0 = Debug|Any CPU
		{52A2054F-D388-4860-BAC4-0895370C768A}.Release|Any CPU.ActiveCfg = Release|Any CPU
		{52A2054F-D388-4860-BAC4-0895370C768A}.Release|Any CPU.Build.0 = Release|Any CPU
	EndGlobalSection
	GlobalSection(SolutionProperties) = preSolution
		HideSolutionNode = FALSE
	EndGlobalSection
	GlobalSection(ExtensibilityGlobals) = postSolution
		SolutionGuid = {78C195FE-B63F-48F0-B5D8-8B2F36CD9FAB}
	EndGlobalSection
EndGlobal
